PODS:
  - amap_base_location (0.1.8):
    - AMapLocation
    - Flutter
    - MJExtension
  - AMapFoundation (1.5.6)
  - AMapLocation (2.6.1):
    - AMapFoundation (~> 1.4)
  - android_intent (0.0.1):
    - Flutter
  - camera (0.0.1):
    - Flutter
  - contacts_service (0.2.1):
    - Flutter
  - device_info (0.0.1):
    - Flutter
  - file_picker (0.0.1):
    - Flutter
  - Flutter (1.0.0)
  - flutter_exif_rotation (0.0.1):
    - Flutter
  - flutter_image_compress (0.0.1):
    - Flutter
  - flutter_sms (0.0.1):
    - Flutter
  - flutter_sound (0.0.1):
    - Flutter
  - fluttertoast (0.0.2):
    - Flutter
  - FMDB (2.7.5):
    - FMDB/standard (= 2.7.5)
  - FMDB/standard (2.7.5)
  - image_picker (0.0.1):
    - Flutter
  - MJExtension (3.0.16)
  - package_info (0.0.1):
    - Flutter
  - path_provider (0.0.1):
    - Flutter
  - permission_handler (3.0.2):
    - Flutter
  - shared_preferences (0.0.1):
    - Flutter
  - sqflite (0.0.1):
    - Flutter
    - FMDB (~> 2.7.2)
  - webview_flutter (0.0.1):
    - Flutter

DEPENDENCIES:
  - amap_base_location (from `.symlinks/plugins/amap_base_location/ios`)
  - android_intent (from `.symlinks/plugins/android_intent/ios`)
  - camera (from `.symlinks/plugins/camera/ios`)
  - contacts_service (from `.symlinks/plugins/contacts_service/ios`)
  - device_info (from `.symlinks/plugins/device_info/ios`)
  - file_picker (from `.symlinks/plugins/file_picker/ios`)
  - Flutter (from `.symlinks/flutter/ios`)
  - flutter_exif_rotation (from `.symlinks/plugins/flutter_exif_rotation/ios`)
  - flutter_image_compress (from `.symlinks/plugins/flutter_image_compress/ios`)
  - flutter_sms (from `.symlinks/plugins/flutter_sms/ios`)
  - flutter_sound (from `.symlinks/plugins/flutter_sound/ios`)
  - fluttertoast (from `.symlinks/plugins/fluttertoast/ios`)
  - image_picker (from `.symlinks/plugins/image_picker/ios`)
  - package_info (from `.symlinks/plugins/package_info/ios`)
  - path_provider (from `.symlinks/plugins/path_provider/ios`)
  - permission_handler (from `.symlinks/plugins/permission_handler/ios`)
  - shared_preferences (from `.symlinks/plugins/shared_preferences/ios`)
  - sqflite (from `.symlinks/plugins/sqflite/ios`)
  - webview_flutter (from `.symlinks/plugins/webview_flutter/ios`)

SPEC REPOS:
  https://github.com/cocoapods/specs.git:
    - AMapFoundation
    - AMapLocation
    - FMDB
    - MJExtension

EXTERNAL SOURCES:
  amap_base_location:
    :path: ".symlinks/plugins/amap_base_location/ios"
  android_intent:
    :path: ".symlinks/plugins/android_intent/ios"
  camera:
    :path: ".symlinks/plugins/camera/ios"
  contacts_service:
    :path: ".symlinks/plugins/contacts_service/ios"
  device_info:
    :path: ".symlinks/plugins/device_info/ios"
  file_picker:
    :path: ".symlinks/plugins/file_picker/ios"
  Flutter:
    :path: ".symlinks/flutter/ios"
  flutter_exif_rotation:
    :path: ".symlinks/plugins/flutter_exif_rotation/ios"
  flutter_image_compress:
    :path: ".symlinks/plugins/flutter_image_compress/ios"
  flutter_sms:
    :path: ".symlinks/plugins/flutter_sms/ios"
  flutter_sound:
    :path: ".symlinks/plugins/flutter_sound/ios"
  fluttertoast:
    :path: ".symlinks/plugins/fluttertoast/ios"
  image_picker:
    :path: ".symlinks/plugins/image_picker/ios"
  package_info:
    :path: ".symlinks/plugins/package_info/ios"
  path_provider:
    :path: ".symlinks/plugins/path_provider/ios"
  permission_handler:
    :path: ".symlinks/plugins/permission_handler/ios"
  shared_preferences:
    :path: ".symlinks/plugins/shared_preferences/ios"
  sqflite:
    :path: ".symlinks/plugins/sqflite/ios"
  webview_flutter:
    :path: ".symlinks/plugins/webview_flutter/ios"

SPEC CHECKSUMS:
  amap_base_location: 755c35d1f37174a33351720d7dfd8bbe56ddc34d
  AMapFoundation: 20fce2a12cd152e1092afdd04379cdac21932185
  AMapLocation: cf024b53dc03663efb4ea4bcce27d4cce58bb97a
  android_intent: 73316069cd1f6aac919df1c6e640cad190fd5e8b
  camera: d56ad165545ae5a0ffb892376033760a969c68c8
  contacts_service: 64ebf2a313b34bff0acf668efac52ae402ba9be0
  device_info: 3ebad48f726348f69abd802f3334a8d1ed795fbd
  file_picker: 408623be2125b79a4539cf703be3d4b3abe5e245
  Flutter: 58dd7d1b27887414a370fcccb9e645c08ffd7a6a
  flutter_exif_rotation: 093dd59f20679d71ce9ae186f2b86c01307b9a6a
  flutter_image_compress: c29e818cdf6e4276875601a245b6bb18eb444157
  flutter_sms: 96f145a6ee930686d1126f3de2b50ff90d5d427f
  flutter_sound: 0e8163ceac1e00eb6d894e2ae4641ba726a2c479
  fluttertoast: b644586ef3b16f67fae9a1f8754cef6b2d6b634b
  FMDB: 2ce00b547f966261cd18927a3ddb07cb6f3db82a
  image_picker: 16e5fec1fbc87fd3b297c53e4048521eaf17cd06
  MJExtension: 54dbbf6ee728f1a88e9aad904353d007831c7847
  package_info: 78cabb3c322943c55d39676f4a5bfc748c01d055
  path_provider: f96fff6166a8867510d2c25fdcc346327cc4b259
  permission_handler: 73cfc10e081c379c1dcc19cd0040c77e500fa936
  shared_preferences: 1feebfa37bb57264736e16865e7ffae7fc99b523
  sqflite: ff1d9da63c06588cc8d1faf7256d741f16989d5a
  webview_flutter: 1aa7604e6cdb451a9b7ed2c37d5454c0b440246b

PODFILE CHECKSUM: d997185265b9dd7926902deb5689356163c8da21

COCOAPODS: 1.6.1
